
Microsoft Visual Studio Solution File, Format Version 12.00
# Visual Studio Version 17
VisualStudioVersion = 17.3.32819.101
MinimumVisualStudioVersion = 10.0.40219.1
Project("{2150E333-8FDC-42A3-9474-1A3956D46DE8}") = "Client", "Client", "{2B09F1D7-E1F3-4C7F-8952-B0442F20BF30}"
EndProject
Project("{2150E333-8FDC-42A3-9474-1A3956D46DE8}") = "Admin Client", "Admin Client", "{012B443F-E1D4-4053-A177-0A5426053343}"
EndProject
Project("{FAE04EC0-301F-11D3-BF4B-00C04F79EFBC}") = "Admin Client", "Admin Client\Admin Client.csproj", "{C6B7B0FC-FD71-4DC5-AC70-7F1E10B153AD}"
EndProject
Project("{9A19103F-16F7-4668-BE54-9A1E7A4F7556}") = "Admin Client Tests", "Admin Client Tests\Admin Client Tests.csproj", "{1F0C9C0B-6685-4675-BEF1-6A36551A6AD4}"
EndProject
Project("{2150E333-8FDC-42A3-9474-1A3956D46DE8}") = "API", "API", "{C9C1D606-D6F3-4012-97B6-8F2CA8079320}"
EndProject
Project("{9A19103F-16F7-4668-BE54-9A1E7A4F7556}") = "FairShareAPI", "FairShareAPI\FairShareAPI.csproj", "{FF84D4CA-913C-4188-8A1C-F628240CE507}"
EndProject
Project("{FAE04EC0-301F-11D3-BF4B-00C04F79EFBC}") = "Client", "Client\Client.csproj", "{7D788376-0C2C-4750-A566-53D9144AAD41}"
EndProject
Project("{9A19103F-16F7-4668-BE54-9A1E7A4F7556}") = "Client Tests", "Client Tests\Client Tests.csproj", "{29B4161B-73C8-46D8-A257-7E721DDBE46E}"
EndProject
Project("{FAE04EC0-301F-11D3-BF4B-00C04F79EFBC}") = "DBHandler", "DBHandler\DBHandler.csproj", "{B6F6D5E7-997F-49B3-96D3-C9A2D944F735}"
EndProject
Global
	GlobalSection(SolutionConfigurationPlatforms) = preSolution
		Debug|Any CPU = Debug|Any CPU
		Release|Any CPU = Release|Any CPU
	EndGlobalSection
	GlobalSection(ProjectConfigurationPlatforms) = postSolution
		{C6B7B0FC-FD71-4DC5-AC70-7F1E10B153AD}.Debug|Any CPU.ActiveCfg = Debug|Any CPU
		{C6B7B0FC-FD71-4DC5-AC70-7F1E10B153AD}.Debug|Any CPU.Build.0 = Debug|Any CPU
		{C6B7B0FC-FD71-4DC5-AC70-7F1E10B153AD}.Release|Any CPU.ActiveCfg = Release|Any CPU
		{C6B7B0FC-FD71-4DC5-AC70-7F1E10B153AD}.Release|Any CPU.Build.0 = Release|Any CPU
		{1F0C9C0B-6685-4675-BEF1-6A36551A6AD4}.Debug|Any CPU.ActiveCfg = Debug|Any CPU
		{1F0C9C0B-6685-4675-BEF1-6A36551A6AD4}.Debug|Any CPU.Build.0 = Debug|Any CPU
		{1F0C9C0B-6685-4675-BEF1-6A36551A6AD4}.Release|Any CPU.ActiveCfg = Release|Any CPU
		{1F0C9C0B-6685-4675-BEF1-6A36551A6AD4}.Release|Any CPU.Build.0 = Release|Any CPU
		{FF84D4CA-913C-4188-8A1C-F628240CE507}.Debug|Any CPU.ActiveCfg = Debug|Any CPU
		{FF84D4CA-913C-4188-8A1C-F628240CE507}.Debug|Any CPU.Build.0 = Debug|Any CPU
		{FF84D4CA-913C-4188-8A1C-F628240CE507}.Release|Any CPU.ActiveCfg = Release|Any CPU
		{FF84D4CA-913C-4188-8A1C-F628240CE507}.Release|Any CPU.Build.0 = Release|Any CPU
		{7D788376-0C2C-4750-A566-53D9144AAD41}.Debug|Any CPU.ActiveCfg = Debug|Any CPU
		{7D788376-0C2C-4750-A566-53D9144AAD41}.Debug|Any CPU.Build.0 = Debug|Any CPU
		{7D788376-0C2C-4750-A566-53D9144AAD41}.Release|Any CPU.ActiveCfg = Release|Any CPU
		{7D788376-0C2C-4750-A566-53D9144AAD41}.Release|Any CPU.Build.0 = Release|Any CPU
		{29B4161B-73C8-46D8-A257-7E721DDBE46E}.Debug|Any CPU.ActiveCfg = Debug|Any CPU
		{29B4161B-73C8-46D8-A257-7E721DDBE46E}.Debug|Any CPU.Build.0 = Debug|Any CPU
		{29B4161B-73C8-46D8-A257-7E721DDBE46E}.Release|Any CPU.ActiveCfg = Release|Any CPU
		{29B4161B-73C8-46D8-A257-7E721DDBE46E}.Release|Any CPU.Build.0 = Release|Any CPU
		{B6F6D5E7-997F-49B3-96D3-C9A2D944F735}.Debug|Any CPU.ActiveCfg = Debug|Any CPU
		{B6F6D5E7-997F-49B3-96D3-C9A2D944F735}.Debug|Any CPU.Build.0 = Debug|Any CPU
		{B6F6D5E7-997F-49B3-96D3-C9A2D944F735}.Release|Any CPU.ActiveCfg = Release|Any CPU
		{B6F6D5E7-997F-49B3-96D3-C9A2D944F735}.Release|Any CPU.Build.0 = Release|Any CPU
	EndGlobalSection
	GlobalSection(SolutionProperties) = preSolution
		HideSolutionNode = FALSE
	EndGlobalSection
	GlobalSection(NestedProjects) = preSolution
		{C6B7B0FC-FD71-4DC5-AC70-7F1E10B153AD} = {012B443F-E1D4-4053-A177-0A5426053343}
		{1F0C9C0B-6685-4675-BEF1-6A36551A6AD4} = {012B443F-E1D4-4053-A177-0A5426053343}
		{FF84D4CA-913C-4188-8A1C-F628240CE507} = {C9C1D606-D6F3-4012-97B6-8F2CA8079320}
		{7D788376-0C2C-4750-A566-53D9144AAD41} = {2B09F1D7-E1F3-4C7F-8952-B0442F20BF30}
		{29B4161B-73C8-46D8-A257-7E721DDBE46E} = {2B09F1D7-E1F3-4C7F-8952-B0442F20BF30}
		{B6F6D5E7-997F-49B3-96D3-C9A2D944F735} = {C9C1D606-D6F3-4012-97B6-8F2CA8079320}
	EndGlobalSection
	GlobalSection(ExtensibilityGlobals) = postSolution
		SolutionGuid = {8B560461-6752-414E-BF2E-77C75D120E94}
	EndGlobalSection
EndGlobal
