
Microsoft Visual Studio Solution File, Format Version 12.00
# Visual Studio Version 17
VisualStudioVersion = 17.3.32819.101
MinimumVisualStudioVersion = 10.0.40219.1
Project("{9A19103F-16F7-4668-BE54-9A1E7A4F7556}") = "Client Tests", "ClientTests\Client Tests.csproj", "{92C4FF78-2885-4351-B7DB-7958B7893E56}"
	ProjectSection(ProjectDependencies) = postProject
		{7D788376-0C2C-4750-A566-53D9144AAD41} = {7D788376-0C2C-4750-A566-53D9144AAD41}
	EndProjectSection
EndProject
Project("{2150E333-8FDC-42A3-9474-1A3956D46DE8}") = "Client", "Client", "{2B09F1D7-E1F3-4C7F-8952-B0442F20BF30}"
EndProject
Project("{2150E333-8FDC-42A3-9474-1A3956D46DE8}") = "Server", "Server", "{012B443F-E1D4-4053-A177-0A5426053343}"
EndProject
Project("{FAE04EC0-301F-11D3-BF4B-00C04F79EFBC}") = "Client", "Client\Client.csproj", "{7D788376-0C2C-4750-A566-53D9144AAD41}"
EndProject
Project("{FAE04EC0-301F-11D3-BF4B-00C04F79EFBC}") = "UserEnd", "UserEnd\UserEnd.csproj", "{965EE93C-AC20-4B63-BA4B-43BCE89CAC54}"
EndProject
Project("{9A19103F-16F7-4668-BE54-9A1E7A4F7556}") = "UserEndTest", "UserEndTest\UserEndTest.csproj", "{44EDA778-20F5-4B2A-A5F9-A089B0A67892}"
	ProjectSection(ProjectDependencies) = postProject
		{965EE93C-AC20-4B63-BA4B-43BCE89CAC54} = {965EE93C-AC20-4B63-BA4B-43BCE89CAC54}
	EndProjectSection
EndProject
Global
	GlobalSection(SolutionConfigurationPlatforms) = preSolution
		Debug|Any CPU = Debug|Any CPU
		Release|Any CPU = Release|Any CPU
	EndGlobalSection
	GlobalSection(ProjectConfigurationPlatforms) = postSolution
		{92C4FF78-2885-4351-B7DB-7958B7893E56}.Debug|Any CPU.ActiveCfg = Debug|Any CPU
		{92C4FF78-2885-4351-B7DB-7958B7893E56}.Debug|Any CPU.Build.0 = Debug|Any CPU
		{92C4FF78-2885-4351-B7DB-7958B7893E56}.Release|Any CPU.ActiveCfg = Release|Any CPU
		{92C4FF78-2885-4351-B7DB-7958B7893E56}.Release|Any CPU.Build.0 = Release|Any CPU
		{7D788376-0C2C-4750-A566-53D9144AAD41}.Debug|Any CPU.ActiveCfg = Debug|Any CPU
		{7D788376-0C2C-4750-A566-53D9144AAD41}.Debug|Any CPU.Build.0 = Debug|Any CPU
		{7D788376-0C2C-4750-A566-53D9144AAD41}.Release|Any CPU.ActiveCfg = Release|Any CPU
		{7D788376-0C2C-4750-A566-53D9144AAD41}.Release|Any CPU.Build.0 = Release|Any CPU
		{965EE93C-AC20-4B63-BA4B-43BCE89CAC54}.Debug|Any CPU.ActiveCfg = Debug|Any CPU
		{965EE93C-AC20-4B63-BA4B-43BCE89CAC54}.Debug|Any CPU.Build.0 = Debug|Any CPU
		{965EE93C-AC20-4B63-BA4B-43BCE89CAC54}.Release|Any CPU.ActiveCfg = Release|Any CPU
		{965EE93C-AC20-4B63-BA4B-43BCE89CAC54}.Release|Any CPU.Build.0 = Release|Any CPU
		{44EDA778-20F5-4B2A-A5F9-A089B0A67892}.Debug|Any CPU.ActiveCfg = Debug|Any CPU
		{44EDA778-20F5-4B2A-A5F9-A089B0A67892}.Debug|Any CPU.Build.0 = Debug|Any CPU
		{44EDA778-20F5-4B2A-A5F9-A089B0A67892}.Release|Any CPU.ActiveCfg = Release|Any CPU
		{44EDA778-20F5-4B2A-A5F9-A089B0A67892}.Release|Any CPU.Build.0 = Release|Any CPU
	EndGlobalSection
	GlobalSection(SolutionProperties) = preSolution
		HideSolutionNode = FALSE
	EndGlobalSection
	GlobalSection(NestedProjects) = preSolution
		{92C4FF78-2885-4351-B7DB-7958B7893E56} = {2B09F1D7-E1F3-4C7F-8952-B0442F20BF30}
		{7D788376-0C2C-4750-A566-53D9144AAD41} = {2B09F1D7-E1F3-4C7F-8952-B0442F20BF30}
		{965EE93C-AC20-4B63-BA4B-43BCE89CAC54} = {012B443F-E1D4-4053-A177-0A5426053343}
		{44EDA778-20F5-4B2A-A5F9-A089B0A67892} = {012B443F-E1D4-4053-A177-0A5426053343}
	EndGlobalSection
	GlobalSection(ExtensibilityGlobals) = postSolution
		SolutionGuid = {8B560461-6752-414E-BF2E-77C75D120E94}
	EndGlobalSection
EndGlobal
