
Microsoft Visual Studio Solution File, Format Version 12.00
# Visual Studio Version 17
VisualStudioVersion = 17.3.32819.101
MinimumVisualStudioVersion = 10.0.40219.1
Project("{2150E333-8FDC-42A3-9474-1A3956D46DE8}") = "Client", "Client", "{2B09F1D7-E1F3-4C7F-8952-B0442F20BF30}"
EndProject
Project("{2150E333-8FDC-42A3-9474-1A3956D46DE8}") = "Admin Client", "Admin Client", "{012B443F-E1D4-4053-A177-0A5426053343}"
EndProject
Project("{FAE04EC0-301F-11D3-BF4B-00C04F79EFBC}") = "Admin Client", "Admin Client\Admin Client.csproj", "{C6B7B0FC-FD71-4DC5-AC70-7F1E10B153AD}"
	ProjectSection(ProjectDependencies) = postProject
		{5357491C-0A71-4F2E-8EE2-C91620FF49D2} = {5357491C-0A71-4F2E-8EE2-C91620FF49D2}
	EndProjectSection
EndProject
Project("{2150E333-8FDC-42A3-9474-1A3956D46DE8}") = "API", "API", "{C9C1D606-D6F3-4012-97B6-8F2CA8079320}"
EndProject
Project("{9A19103F-16F7-4668-BE54-9A1E7A4F7556}") = "FairShareAPI", "FairShareAPI\FairShareAPI.csproj", "{5357491C-0A71-4F2E-8EE2-C91620FF49D2}"
EndProject
Global
	GlobalSection(SolutionConfigurationPlatforms) = preSolution
		Debug|Any CPU = Debug|Any CPU
		Debug|x64 = Debug|x64
		Debug|x86 = Debug|x86
		Release|Any CPU = Release|Any CPU
		Release|x64 = Release|x64
		Release|x86 = Release|x86
	EndGlobalSection
	GlobalSection(ProjectConfigurationPlatforms) = postSolution
		{C6B7B0FC-FD71-4DC5-AC70-7F1E10B153AD}.Debug|Any CPU.ActiveCfg = Debug|Any CPU
		{C6B7B0FC-FD71-4DC5-AC70-7F1E10B153AD}.Debug|Any CPU.Build.0 = Debug|Any CPU
		{C6B7B0FC-FD71-4DC5-AC70-7F1E10B153AD}.Debug|x64.ActiveCfg = Debug|Any CPU
		{C6B7B0FC-FD71-4DC5-AC70-7F1E10B153AD}.Debug|x64.Build.0 = Debug|Any CPU
		{C6B7B0FC-FD71-4DC5-AC70-7F1E10B153AD}.Debug|x86.ActiveCfg = Debug|Any CPU
		{C6B7B0FC-FD71-4DC5-AC70-7F1E10B153AD}.Debug|x86.Build.0 = Debug|Any CPU
		{C6B7B0FC-FD71-4DC5-AC70-7F1E10B153AD}.Release|Any CPU.ActiveCfg = Release|Any CPU
		{C6B7B0FC-FD71-4DC5-AC70-7F1E10B153AD}.Release|Any CPU.Build.0 = Release|Any CPU
		{C6B7B0FC-FD71-4DC5-AC70-7F1E10B153AD}.Release|x64.ActiveCfg = Release|Any CPU
		{C6B7B0FC-FD71-4DC5-AC70-7F1E10B153AD}.Release|x64.Build.0 = Release|Any CPU
		{C6B7B0FC-FD71-4DC5-AC70-7F1E10B153AD}.Release|x86.ActiveCfg = Release|Any CPU
		{C6B7B0FC-FD71-4DC5-AC70-7F1E10B153AD}.Release|x86.Build.0 = Release|Any CPU
		{5357491C-0A71-4F2E-8EE2-C91620FF49D2}.Debug|Any CPU.ActiveCfg = Debug|Any CPU
		{5357491C-0A71-4F2E-8EE2-C91620FF49D2}.Debug|Any CPU.Build.0 = Debug|Any CPU
		{5357491C-0A71-4F2E-8EE2-C91620FF49D2}.Debug|x64.ActiveCfg = Debug|Any CPU
		{5357491C-0A71-4F2E-8EE2-C91620FF49D2}.Debug|x64.Build.0 = Debug|Any CPU
		{5357491C-0A71-4F2E-8EE2-C91620FF49D2}.Debug|x86.ActiveCfg = Debug|Any CPU
		{5357491C-0A71-4F2E-8EE2-C91620FF49D2}.Debug|x86.Build.0 = Debug|Any CPU
		{5357491C-0A71-4F2E-8EE2-C91620FF49D2}.Release|Any CPU.ActiveCfg = Release|Any CPU
		{5357491C-0A71-4F2E-8EE2-C91620FF49D2}.Release|Any CPU.Build.0 = Release|Any CPU
		{5357491C-0A71-4F2E-8EE2-C91620FF49D2}.Release|x64.ActiveCfg = Release|Any CPU
		{5357491C-0A71-4F2E-8EE2-C91620FF49D2}.Release|x64.Build.0 = Release|Any CPU
		{5357491C-0A71-4F2E-8EE2-C91620FF49D2}.Release|x86.ActiveCfg = Release|Any CPU
		{5357491C-0A71-4F2E-8EE2-C91620FF49D2}.Release|x86.Build.0 = Release|Any CPU
	EndGlobalSection
	GlobalSection(SolutionProperties) = preSolution
		HideSolutionNode = FALSE
	EndGlobalSection
	GlobalSection(NestedProjects) = preSolution
		{C6B7B0FC-FD71-4DC5-AC70-7F1E10B153AD} = {012B443F-E1D4-4053-A177-0A5426053343}
		{5357491C-0A71-4F2E-8EE2-C91620FF49D2} = {C9C1D606-D6F3-4012-97B6-8F2CA8079320}
	EndGlobalSection
	GlobalSection(ExtensibilityGlobals) = postSolution
		SolutionGuid = {8B560461-6752-414E-BF2E-77C75D120E94}
	EndGlobalSection
EndGlobal
